[[package]]
category = "main"
description = "Mimesis: fake data generator."
name = "mimesis"
optional = false
python-versions = "*"
version = "4.0.0"

[[package]]
category = "main"
description = "Fast, Extensible Progress Meter"
name = "tqdm"
optional = false
python-versions = ">=2.6, !=3.0.*, !=3.1.*"
version = "4.46.1"

[package.extras]
dev = ["py-make (>=0.1.0)", "twine", "argopt", "pydoc-markdown"]

[metadata]
content-hash = "ccd6eb2a4072a722d3f1ebcaf749ea434b894a5c5b86d488b88a97d912def734"
python-versions = "^3.7"

[metadata.files]
mimesis = [
    {file = "mimesis-4.0.0-py3-none-any.whl", hash = "sha256:9a4f001f95b9cceb419266e28b422e67fae71995e16a6ab641ff14dd139f5fa3"},
    {file = "mimesis-4.0.0.tar.gz", hash = "sha256:d59ca48d4118d391704a525cef4e33fa219f3d9c4f9a95b7ec2a0e0c88e048a4"},
]
tqdm = [
    {file = "tqdm-4.46.1-py2.py3-none-any.whl", hash = "sha256:07c06493f1403c1380b630ae3dcbe5ae62abcf369a93bbc052502279f189ab8c"},
    {file = "tqdm-4.46.1.tar.gz", hash = "sha256:cd140979c2bebd2311dfb14781d8f19bd5a9debb92dcab9f6ef899c987fcf71f"},
]
