{
    "_meta": {
        "hash": {
            "sha256": "8b2411e16b64664a4a51ed8f18fff457142f5756862211297e56a0303f0a9e14"
        },
        "host-environment-markers": {
            "implementation_name": "cpython",
            "implementation_version": "3.6.3",
            "os_name": "posix",
            "platform_machine": "x86_64",
            "platform_python_implementation": "CPython",
            "platform_release": "16.7.0",
            "platform_system": "Darwin",
            "platform_version": "Darwin Kernel Version 16.7.0: Mon Nov 13 21:56:25 PST 2017; root:xnu-3789.72.11~1/RELEASE_X86_64",
            "python_full_version": "3.6.3",
            "python_version": "3.6",
            "sys_platform": "darwin"
        },
        "pipfile-spec": 6,
        "requires": {
            "python_version": "3.6"
        },
        "sources": [
            {
                "name": "pypi",
                "url": "https://pypi.python.org/simple",
                "verify_ssl": true
            }
        ]
    },
    "default": {
        "mimesis": {
            "hashes": [
                "sha256:d85bc1dbe9e10c7b28d3fddf19e38e332064cc73de4aed444febec2cf687d34d"
            ],
            "version": "==1.0.4"
        }
    },
    "develop": {}
}
